
Microsoft Visual Studio Solution File, Format Version 12.00
# Visual Studio Version 16
VisualStudioVersion = 16.0.33801.447
MinimumVisualStudioVersion = 10.0.40219.1
Project("{FAE04EC0-301F-11D3-BF4B-00C04F79EFBC}") = "Kutuphane_Uygulaması", "Kutuphane_Uygulaması\Kutuphane_Uygulaması.csproj", "{B4A536B1-5F01-494B-84A7-F54674B96DB6}"
EndProject
Global
	GlobalSection(SolutionConfigurationPlatforms) = preSolution
		Debug|Any CPU = Debug|Any CPU
		Release|Any CPU = Release|Any CPU
	EndGlobalSection
	GlobalSection(ProjectConfigurationPlatforms) = postSolution
		{B4A536B1-5F01-494B-84A7-F54674B96DB6}.Debug|Any CPU.ActiveCfg = Debug|Any CPU
		{B4A536B1-5F01-494B-84A7-F54674B96DB6}.Debug|Any CPU.Build.0 = Debug|Any CPU
		{B4A536B1-5F01-494B-84A7-F54674B96DB6}.Release|Any CPU.ActiveCfg = Release|Any CPU
		{B4A536B1-5F01-494B-84A7-F54674B96DB6}.Release|Any CPU.Build.0 = Release|Any CPU
	EndGlobalSection
	GlobalSection(SolutionProperties) = preSolution
		HideSolutionNode = FALSE
	EndGlobalSection
	GlobalSection(ExtensibilityGlobals) = postSolution
		SolutionGuid = {7D016582-845E-4286-9675-A493D211C7CA}
	EndGlobalSection
EndGlobal
